
Microsoft Visual Studio Solution File, Format Version 11.00
# Visual Studio 2010
Project("{FAE04EC0-301F-11D3-BF4B-00C04F79EFBC}") = "Waz.Web", "Waz.Web\Waz.Web.csproj", "{A0B3B475-8483-45EC-ADAB-357EB752FE32}"
EndProject
Project("{FAE04EC0-301F-11D3-BF4B-00C04F79EFBC}") = "Waz.Data", "Waz.Data\Waz.Data.csproj", "{4268C63A-B65B-4673-9099-50EDA79D734C}"
EndProject
Project("{FAE04EC0-301F-11D3-BF4B-00C04F79EFBC}") = "Waz.Core", "Waz.Core\Waz.Core.csproj", "{DBF77984-154C-4F45-9D8E-669353132297}"
EndProject
Project("{2150E333-8FDC-42A3-9474-1A3956D46DE8}") = "Modules", "Modules", "{1AF972CE-C7F8-4737-8F52-E89E2A7E7937}"
EndProject
Project("{FAE04EC0-301F-11D3-BF4B-00C04F79EFBC}") = "HelloWorld", "HelloWorld\HelloWorld.csproj", "{C10C56B8-681B-4336-86AB-B0931AE66F9F}"
EndProject
Global
	GlobalSection(SolutionConfigurationPlatforms) = preSolution
		Debug|Any CPU = Debug|Any CPU
		Release|Any CPU = Release|Any CPU
	EndGlobalSection
	GlobalSection(ProjectConfigurationPlatforms) = postSolution
		{A0B3B475-8483-45EC-ADAB-357EB752FE32}.Debug|Any CPU.ActiveCfg = Debug|Any CPU
		{A0B3B475-8483-45EC-ADAB-357EB752FE32}.Debug|Any CPU.Build.0 = Debug|Any CPU
		{A0B3B475-8483-45EC-ADAB-357EB752FE32}.Release|Any CPU.ActiveCfg = Release|Any CPU
		{A0B3B475-8483-45EC-ADAB-357EB752FE32}.Release|Any CPU.Build.0 = Release|Any CPU
		{4268C63A-B65B-4673-9099-50EDA79D734C}.Debug|Any CPU.ActiveCfg = Debug|Any CPU
		{4268C63A-B65B-4673-9099-50EDA79D734C}.Debug|Any CPU.Build.0 = Debug|Any CPU
		{4268C63A-B65B-4673-9099-50EDA79D734C}.Release|Any CPU.ActiveCfg = Release|Any CPU
		{4268C63A-B65B-4673-9099-50EDA79D734C}.Release|Any CPU.Build.0 = Release|Any CPU
		{DBF77984-154C-4F45-9D8E-669353132297}.Debug|Any CPU.ActiveCfg = Debug|Any CPU
		{DBF77984-154C-4F45-9D8E-669353132297}.Debug|Any CPU.Build.0 = Debug|Any CPU
		{DBF77984-154C-4F45-9D8E-669353132297}.Release|Any CPU.ActiveCfg = Release|Any CPU
		{DBF77984-154C-4F45-9D8E-669353132297}.Release|Any CPU.Build.0 = Release|Any CPU
		{C10C56B8-681B-4336-86AB-B0931AE66F9F}.Debug|Any CPU.ActiveCfg = Debug|Any CPU
		{C10C56B8-681B-4336-86AB-B0931AE66F9F}.Debug|Any CPU.Build.0 = Debug|Any CPU
		{C10C56B8-681B-4336-86AB-B0931AE66F9F}.Release|Any CPU.ActiveCfg = Release|Any CPU
		{C10C56B8-681B-4336-86AB-B0931AE66F9F}.Release|Any CPU.Build.0 = Release|Any CPU
	EndGlobalSection
	GlobalSection(SolutionProperties) = preSolution
		HideSolutionNode = FALSE
	EndGlobalSection
	GlobalSection(NestedProjects) = preSolution
		{C10C56B8-681B-4336-86AB-B0931AE66F9F} = {1AF972CE-C7F8-4737-8F52-E89E2A7E7937}
	EndGlobalSection
EndGlobal
